
Microsoft Visual Studio Solution File, Format Version 12.00
# Visual Studio Version 16
VisualStudioVersion = 16.0.31702.278
MinimumVisualStudioVersion = 10.0.40219.1
Project("{FAE04EC0-301F-11D3-BF4B-00C04F79EFBC}") = "BookShareOnline.WebAPI.Data", "BookShareOnline.WebAPI.Data\BookShareOnline.WebAPI.Data.csproj", "{D8480877-73BC-40EF-9764-9588093969C6}"
EndProject
Project("{9A19103F-16F7-4668-BE54-9A1E7A4F7556}") = "BookShareOnline.WebAPI.Service", "BookShareOnline.WebAPI.Service\BookShareOnline.WebAPI.Service.csproj", "{9CE885F4-753B-4B5B-915E-FA14A051DC22}"
EndProject
Global
	GlobalSection(SolutionConfigurationPlatforms) = preSolution
		Debug|Any CPU = Debug|Any CPU
		Release|Any CPU = Release|Any CPU
	EndGlobalSection
	GlobalSection(ProjectConfigurationPlatforms) = postSolution
		{D8480877-73BC-40EF-9764-9588093969C6}.Debug|Any CPU.ActiveCfg = Debug|Any CPU
		{D8480877-73BC-40EF-9764-9588093969C6}.Debug|Any CPU.Build.0 = Debug|Any CPU
		{D8480877-73BC-40EF-9764-9588093969C6}.Release|Any CPU.ActiveCfg = Release|Any CPU
		{D8480877-73BC-40EF-9764-9588093969C6}.Release|Any CPU.Build.0 = Release|Any CPU
		{9CE885F4-753B-4B5B-915E-FA14A051DC22}.Debug|Any CPU.ActiveCfg = Debug|Any CPU
		{9CE885F4-753B-4B5B-915E-FA14A051DC22}.Debug|Any CPU.Build.0 = Debug|Any CPU
		{9CE885F4-753B-4B5B-915E-FA14A051DC22}.Release|Any CPU.ActiveCfg = Release|Any CPU
		{9CE885F4-753B-4B5B-915E-FA14A051DC22}.Release|Any CPU.Build.0 = Release|Any CPU
	EndGlobalSection
	GlobalSection(SolutionProperties) = preSolution
		HideSolutionNode = FALSE
	EndGlobalSection
	GlobalSection(ExtensibilityGlobals) = postSolution
		SolutionGuid = {F4421341-47E3-4C9D-9970-55CEC71D39A5}
	EndGlobalSection
EndGlobal
